{
  "name": "hardhat-project",
  "requires": true,
  "lockfileVersion": 1,
  "dependencies": {
    "@nomicfoundation/hardhat-toolbox": {
      "version": "3.0.0",
      "resolved": "https://registry.npmjs.org/@nomicfoundation/hardhat-toolbox/-/hardhat-toolbox-3.0.0.tgz",
      "integrity": "sha512-MsteDXd0UagMksqm9KvcFG6gNKYNa3GGNCy73iQ6bEasEgg2v8Qjl6XA5hjs8o5UD5A3153B6W2BIVJ8SxYUtA==",
      "dev": true
    }
  }
}
